
Microsoft Visual Studio Solution File, Format Version 12.00
# Visual Studio Version 17
VisualStudioVersion = 17.0.31912.275
MinimumVisualStudioVersion = 10.0.40219.1
Project("{2150E333-8FDC-42A3-9474-1A3956D46DE8}") = "src", "src", "{54045955-91CC-45F2-8E5F-6FE1B35FE8A1}"
EndProject
Project("{2150E333-8FDC-42A3-9474-1A3956D46DE8}") = "Web", "Web", "{95A686FF-842B-457E-B26F-D2C868F18FCA}"
EndProject
Project("{9A19103F-16F7-4668-BE54-9A1E7A4F7556}") = "CleanArchitecture.Web.Blazor", "src\Web\CleanArchitecture.Web.Blazor\CleanArchitecture.Web.Blazor.csproj", "{AFDF5E7C-9F02-4041-B7FB-2D0828ED8193}"
EndProject
Project("{9A19103F-16F7-4668-BE54-9A1E7A4F7556}") = "CleanArchitecture.Web.Api", "src\Web\CleanArchitecture.Web\CleanArchitecture.Web.Api.csproj", "{174C3F7D-B5F5-4D44-9A72-6BAFC2B6CC43}"
EndProject
Project("{2150E333-8FDC-42A3-9474-1A3956D46DE8}") = "Modules", "Modules", "{3B75D7D2-FD2F-4C7B-8CB9-FCAA8A658C14}"
EndProject
Project("{2150E333-8FDC-42A3-9474-1A3956D46DE8}") = "Shopping", "Shopping", "{3DEB339B-42A5-4E44-B3C5-453C04735447}"
EndProject
Project("{9A19103F-16F7-4668-BE54-9A1E7A4F7556}") = "CleanArchitecture.Shopping.Api", "src\Modules\Shopping\CleanArchitecture.Shopping.Api\CleanArchitecture.Shopping.Api.csproj", "{64432077-1010-41BD-98F6-10E1182CD671}"
EndProject
Project("{2150E333-8FDC-42A3-9474-1A3956D46DE8}") = "Shared", "Shared", "{7AFE6FBA-A27E-4DCC-8CD6-BC1C7FA33BC4}"
EndProject
Project("{9A19103F-16F7-4668-BE54-9A1E7A4F7556}") = "CleanArchitecture.Shopping.Core", "src\Modules\Shopping\CleanArchitecture.Shopping.Core\CleanArchitecture.Shopping.Core.csproj", "{621FA996-FA28-4386-A47C-B495CBE342E6}"
EndProject
Project("{9A19103F-16F7-4668-BE54-9A1E7A4F7556}") = "CleanArchitecture.Shopping.Application", "src\Modules\Shopping\CleanArchitecture.Shopping.Application\CleanArchitecture.Shopping.Application.csproj", "{0DFE886F-4D77-48CA-BE67-ACBABCD4D786}"
EndProject
Project("{9A19103F-16F7-4668-BE54-9A1E7A4F7556}") = "CleanArchitecture.Shopping.Infrastructure", "src\Modules\Shopping\CleanArchitecture.Shopping.Infrastructure\CleanArchitecture.Shopping.Infrastructure.csproj", "{40955239-D9A5-4F4C-BF22-7DCB20716168}"
EndProject
Project("{9A19103F-16F7-4668-BE54-9A1E7A4F7556}") = "CleanArchitecture.Shopping.UnitTests", "src\Modules\Shopping\CleanArchitecture.Shopping.UnitTests\CleanArchitecture.Shopping.UnitTests.csproj", "{1E566057-D88E-471C-9E19-C2C41A2A1BAE}"
EndProject
Project("{9A19103F-16F7-4668-BE54-9A1E7A4F7556}") = "CleanArchitecture.Shared.Tests", "src\Modules\Shared\CleanArchitecture.Shared.Tests\CleanArchitecture.Shared.Tests.csproj", "{C1560AA1-5284-4B97-9A8F-DFED0E04F296}"
EndProject
Project("{9A19103F-16F7-4668-BE54-9A1E7A4F7556}") = "CleanArchitecture.Shopping.IntegrationTests", "src\Modules\Shopping\CleanArchitecture.Shopping.IntegrationTests\CleanArchitecture.Shopping.IntegrationTests.csproj", "{F5AE656E-362C-4164-B928-24ACD5E1AB5A}"
EndProject
Project("{9A19103F-16F7-4668-BE54-9A1E7A4F7556}") = "CleanArchitecture.Web.Api.FunctionalTests", "src\Web\CleanArchitecture.Web.Api.FunctionalTests\CleanArchitecture.Web.Api.FunctionalTests.csproj", "{02DEF13A-F7D6-43BD-854E-A3659F83040B}"
EndProject
Project("{9A19103F-16F7-4668-BE54-9A1E7A4F7556}") = "CleanArchitecture.Shared.Infrastructure", "src\Modules\Shared\CleanArchitecture.Shared.Infrastructure\CleanArchitecture.Shared.Infrastructure.csproj", "{88A1F46D-E86D-49E7-BA66-52D62F1F7C8F}"
EndProject
Project("{9A19103F-16F7-4668-BE54-9A1E7A4F7556}") = "CleanArchitecture.Shared.Core", "src\Modules\Shared\CleanArchitecture.Shared.Core\CleanArchitecture.Shared.Core.csproj", "{54531D34-0308-4B2E-8F56-5BC5C4669F8A}"
EndProject
Project("{2150E333-8FDC-42A3-9474-1A3956D46DE8}") = "BudgetPlan", "BudgetPlan", "{1BEBBF48-12DA-40C7-AA4C-7A322C9BE6FB}"
EndProject
Project("{FAE04EC0-301F-11D3-BF4B-00C04F79EFBC}") = "CleanArchitecture.BudgetPlan.Api", "src\Modules\BudgetPlan\CleanArchitecture.BudgetPlan.Api\CleanArchitecture.BudgetPlan.Api.csproj", "{195B6784-6975-4BEC-B531-96E06AAEDE0C}"
EndProject
Project("{FAE04EC0-301F-11D3-BF4B-00C04F79EFBC}") = "CleanArchitecture.BudgetPlan.Application", "src\Modules\BudgetPlan\CleanArchitecture.BudgetPlan.Application\CleanArchitecture.BudgetPlan.Application.csproj", "{97F1F3D8-A8BA-4CE5-881C-4DFA07033137}"
EndProject
Project("{FAE04EC0-301F-11D3-BF4B-00C04F79EFBC}") = "CleanArchitecture.BudgetPlan.Core", "src\Modules\BudgetPlan\CleanArchitecture.BudgetPlan.Core\CleanArchitecture.BudgetPlan.Core.csproj", "{5EA3AAE8-6FEE-4FFF-BF7F-6162FC923AEA}"
EndProject
Project("{FAE04EC0-301F-11D3-BF4B-00C04F79EFBC}") = "CleanArchitecture.BudgetPlan.Infrastructure", "src\Modules\BudgetPlan\CleanArchitecture.BudgetPlan.Infrastructure\CleanArchitecture.BudgetPlan.Infrastructure.csproj", "{18864D1C-6FB3-495C-99EC-D2B6D2C0D30D}"
EndProject
Global
	GlobalSection(SolutionConfigurationPlatforms) = preSolution
		Debug|Any CPU = Debug|Any CPU
		Release|Any CPU = Release|Any CPU
	EndGlobalSection
	GlobalSection(ProjectConfigurationPlatforms) = postSolution
		{AFDF5E7C-9F02-4041-B7FB-2D0828ED8193}.Debug|Any CPU.ActiveCfg = Debug|Any CPU
		{AFDF5E7C-9F02-4041-B7FB-2D0828ED8193}.Debug|Any CPU.Build.0 = Debug|Any CPU
		{AFDF5E7C-9F02-4041-B7FB-2D0828ED8193}.Release|Any CPU.ActiveCfg = Release|Any CPU
		{AFDF5E7C-9F02-4041-B7FB-2D0828ED8193}.Release|Any CPU.Build.0 = Release|Any CPU
		{174C3F7D-B5F5-4D44-9A72-6BAFC2B6CC43}.Debug|Any CPU.ActiveCfg = Debug|Any CPU
		{174C3F7D-B5F5-4D44-9A72-6BAFC2B6CC43}.Debug|Any CPU.Build.0 = Debug|Any CPU
		{174C3F7D-B5F5-4D44-9A72-6BAFC2B6CC43}.Release|Any CPU.ActiveCfg = Release|Any CPU
		{174C3F7D-B5F5-4D44-9A72-6BAFC2B6CC43}.Release|Any CPU.Build.0 = Release|Any CPU
		{64432077-1010-41BD-98F6-10E1182CD671}.Debug|Any CPU.ActiveCfg = Debug|Any CPU
		{64432077-1010-41BD-98F6-10E1182CD671}.Debug|Any CPU.Build.0 = Debug|Any CPU
		{64432077-1010-41BD-98F6-10E1182CD671}.Release|Any CPU.ActiveCfg = Release|Any CPU
		{64432077-1010-41BD-98F6-10E1182CD671}.Release|Any CPU.Build.0 = Release|Any CPU
		{621FA996-FA28-4386-A47C-B495CBE342E6}.Debug|Any CPU.ActiveCfg = Debug|Any CPU
		{621FA996-FA28-4386-A47C-B495CBE342E6}.Debug|Any CPU.Build.0 = Debug|Any CPU
		{621FA996-FA28-4386-A47C-B495CBE342E6}.Release|Any CPU.ActiveCfg = Release|Any CPU
		{621FA996-FA28-4386-A47C-B495CBE342E6}.Release|Any CPU.Build.0 = Release|Any CPU
		{0DFE886F-4D77-48CA-BE67-ACBABCD4D786}.Debug|Any CPU.ActiveCfg = Debug|Any CPU
		{0DFE886F-4D77-48CA-BE67-ACBABCD4D786}.Debug|Any CPU.Build.0 = Debug|Any CPU
		{0DFE886F-4D77-48CA-BE67-ACBABCD4D786}.Release|Any CPU.ActiveCfg = Release|Any CPU
		{0DFE886F-4D77-48CA-BE67-ACBABCD4D786}.Release|Any CPU.Build.0 = Release|Any CPU
		{40955239-D9A5-4F4C-BF22-7DCB20716168}.Debug|Any CPU.ActiveCfg = Debug|Any CPU
		{40955239-D9A5-4F4C-BF22-7DCB20716168}.Debug|Any CPU.Build.0 = Debug|Any CPU
		{40955239-D9A5-4F4C-BF22-7DCB20716168}.Release|Any CPU.ActiveCfg = Release|Any CPU
		{40955239-D9A5-4F4C-BF22-7DCB20716168}.Release|Any CPU.Build.0 = Release|Any CPU
		{1E566057-D88E-471C-9E19-C2C41A2A1BAE}.Debug|Any CPU.ActiveCfg = Debug|Any CPU
		{1E566057-D88E-471C-9E19-C2C41A2A1BAE}.Debug|Any CPU.Build.0 = Debug|Any CPU
		{1E566057-D88E-471C-9E19-C2C41A2A1BAE}.Release|Any CPU.ActiveCfg = Release|Any CPU
		{1E566057-D88E-471C-9E19-C2C41A2A1BAE}.Release|Any CPU.Build.0 = Release|Any CPU
		{C1560AA1-5284-4B97-9A8F-DFED0E04F296}.Debug|Any CPU.ActiveCfg = Debug|Any CPU
		{C1560AA1-5284-4B97-9A8F-DFED0E04F296}.Debug|Any CPU.Build.0 = Debug|Any CPU
		{C1560AA1-5284-4B97-9A8F-DFED0E04F296}.Release|Any CPU.ActiveCfg = Release|Any CPU
		{C1560AA1-5284-4B97-9A8F-DFED0E04F296}.Release|Any CPU.Build.0 = Release|Any CPU
		{F5AE656E-362C-4164-B928-24ACD5E1AB5A}.Debug|Any CPU.ActiveCfg = Debug|Any CPU
		{F5AE656E-362C-4164-B928-24ACD5E1AB5A}.Debug|Any CPU.Build.0 = Debug|Any CPU
		{F5AE656E-362C-4164-B928-24ACD5E1AB5A}.Release|Any CPU.ActiveCfg = Release|Any CPU
		{F5AE656E-362C-4164-B928-24ACD5E1AB5A}.Release|Any CPU.Build.0 = Release|Any CPU
		{02DEF13A-F7D6-43BD-854E-A3659F83040B}.Debug|Any CPU.ActiveCfg = Debug|Any CPU
		{02DEF13A-F7D6-43BD-854E-A3659F83040B}.Debug|Any CPU.Build.0 = Debug|Any CPU
		{02DEF13A-F7D6-43BD-854E-A3659F83040B}.Release|Any CPU.ActiveCfg = Release|Any CPU
		{02DEF13A-F7D6-43BD-854E-A3659F83040B}.Release|Any CPU.Build.0 = Release|Any CPU
		{88A1F46D-E86D-49E7-BA66-52D62F1F7C8F}.Debug|Any CPU.ActiveCfg = Debug|Any CPU
		{88A1F46D-E86D-49E7-BA66-52D62F1F7C8F}.Debug|Any CPU.Build.0 = Debug|Any CPU
		{88A1F46D-E86D-49E7-BA66-52D62F1F7C8F}.Release|Any CPU.ActiveCfg = Release|Any CPU
		{88A1F46D-E86D-49E7-BA66-52D62F1F7C8F}.Release|Any CPU.Build.0 = Release|Any CPU
		{54531D34-0308-4B2E-8F56-5BC5C4669F8A}.Debug|Any CPU.ActiveCfg = Debug|Any CPU
		{54531D34-0308-4B2E-8F56-5BC5C4669F8A}.Debug|Any CPU.Build.0 = Debug|Any CPU
		{54531D34-0308-4B2E-8F56-5BC5C4669F8A}.Release|Any CPU.ActiveCfg = Release|Any CPU
		{54531D34-0308-4B2E-8F56-5BC5C4669F8A}.Release|Any CPU.Build.0 = Release|Any CPU
		{195B6784-6975-4BEC-B531-96E06AAEDE0C}.Debug|Any CPU.ActiveCfg = Debug|Any CPU
		{195B6784-6975-4BEC-B531-96E06AAEDE0C}.Debug|Any CPU.Build.0 = Debug|Any CPU
		{195B6784-6975-4BEC-B531-96E06AAEDE0C}.Release|Any CPU.ActiveCfg = Release|Any CPU
		{195B6784-6975-4BEC-B531-96E06AAEDE0C}.Release|Any CPU.Build.0 = Release|Any CPU
		{97F1F3D8-A8BA-4CE5-881C-4DFA07033137}.Debug|Any CPU.ActiveCfg = Debug|Any CPU
		{97F1F3D8-A8BA-4CE5-881C-4DFA07033137}.Debug|Any CPU.Build.0 = Debug|Any CPU
		{97F1F3D8-A8BA-4CE5-881C-4DFA07033137}.Release|Any CPU.ActiveCfg = Release|Any CPU
		{97F1F3D8-A8BA-4CE5-881C-4DFA07033137}.Release|Any CPU.Build.0 = Release|Any CPU
		{5EA3AAE8-6FEE-4FFF-BF7F-6162FC923AEA}.Debug|Any CPU.ActiveCfg = Debug|Any CPU
		{5EA3AAE8-6FEE-4FFF-BF7F-6162FC923AEA}.Debug|Any CPU.Build.0 = Debug|Any CPU
		{5EA3AAE8-6FEE-4FFF-BF7F-6162FC923AEA}.Release|Any CPU.ActiveCfg = Release|Any CPU
		{5EA3AAE8-6FEE-4FFF-BF7F-6162FC923AEA}.Release|Any CPU.Build.0 = Release|Any CPU
		{18864D1C-6FB3-495C-99EC-D2B6D2C0D30D}.Debug|Any CPU.ActiveCfg = Debug|Any CPU
		{18864D1C-6FB3-495C-99EC-D2B6D2C0D30D}.Debug|Any CPU.Build.0 = Debug|Any CPU
		{18864D1C-6FB3-495C-99EC-D2B6D2C0D30D}.Release|Any CPU.ActiveCfg = Release|Any CPU
		{18864D1C-6FB3-495C-99EC-D2B6D2C0D30D}.Release|Any CPU.Build.0 = Release|Any CPU
	EndGlobalSection
	GlobalSection(SolutionProperties) = preSolution
		HideSolutionNode = FALSE
	EndGlobalSection
	GlobalSection(NestedProjects) = preSolution
		{95A686FF-842B-457E-B26F-D2C868F18FCA} = {54045955-91CC-45F2-8E5F-6FE1B35FE8A1}
		{AFDF5E7C-9F02-4041-B7FB-2D0828ED8193} = {95A686FF-842B-457E-B26F-D2C868F18FCA}
		{174C3F7D-B5F5-4D44-9A72-6BAFC2B6CC43} = {95A686FF-842B-457E-B26F-D2C868F18FCA}
		{3B75D7D2-FD2F-4C7B-8CB9-FCAA8A658C14} = {54045955-91CC-45F2-8E5F-6FE1B35FE8A1}
		{3DEB339B-42A5-4E44-B3C5-453C04735447} = {3B75D7D2-FD2F-4C7B-8CB9-FCAA8A658C14}
		{64432077-1010-41BD-98F6-10E1182CD671} = {3DEB339B-42A5-4E44-B3C5-453C04735447}
		{7AFE6FBA-A27E-4DCC-8CD6-BC1C7FA33BC4} = {3B75D7D2-FD2F-4C7B-8CB9-FCAA8A658C14}
		{621FA996-FA28-4386-A47C-B495CBE342E6} = {3DEB339B-42A5-4E44-B3C5-453C04735447}
		{0DFE886F-4D77-48CA-BE67-ACBABCD4D786} = {3DEB339B-42A5-4E44-B3C5-453C04735447}
		{40955239-D9A5-4F4C-BF22-7DCB20716168} = {3DEB339B-42A5-4E44-B3C5-453C04735447}
		{1E566057-D88E-471C-9E19-C2C41A2A1BAE} = {3DEB339B-42A5-4E44-B3C5-453C04735447}
		{C1560AA1-5284-4B97-9A8F-DFED0E04F296} = {7AFE6FBA-A27E-4DCC-8CD6-BC1C7FA33BC4}
		{F5AE656E-362C-4164-B928-24ACD5E1AB5A} = {3DEB339B-42A5-4E44-B3C5-453C04735447}
		{02DEF13A-F7D6-43BD-854E-A3659F83040B} = {95A686FF-842B-457E-B26F-D2C868F18FCA}
		{88A1F46D-E86D-49E7-BA66-52D62F1F7C8F} = {7AFE6FBA-A27E-4DCC-8CD6-BC1C7FA33BC4}
		{54531D34-0308-4B2E-8F56-5BC5C4669F8A} = {7AFE6FBA-A27E-4DCC-8CD6-BC1C7FA33BC4}
		{1BEBBF48-12DA-40C7-AA4C-7A322C9BE6FB} = {3B75D7D2-FD2F-4C7B-8CB9-FCAA8A658C14}
		{195B6784-6975-4BEC-B531-96E06AAEDE0C} = {1BEBBF48-12DA-40C7-AA4C-7A322C9BE6FB}
		{97F1F3D8-A8BA-4CE5-881C-4DFA07033137} = {1BEBBF48-12DA-40C7-AA4C-7A322C9BE6FB}
		{5EA3AAE8-6FEE-4FFF-BF7F-6162FC923AEA} = {1BEBBF48-12DA-40C7-AA4C-7A322C9BE6FB}
		{18864D1C-6FB3-495C-99EC-D2B6D2C0D30D} = {1BEBBF48-12DA-40C7-AA4C-7A322C9BE6FB}
	EndGlobalSection
	GlobalSection(ExtensibilityGlobals) = postSolution
		SolutionGuid = {857F354F-022B-44CF-9FED-072A88C73D2D}
	EndGlobalSection
EndGlobal
